
Microsoft Visual Studio Solution File, Format Version 12.00
# Visual Studio 15
VisualStudioVersion = 15.0.28307.1145
MinimumVisualStudioVersion = 10.0.40219.1
Project("{9A19103F-16F7-4668-BE54-9A1E7A4F7556}") = "MantenimientoDoctor", "MantenimientoDoctor\MantenimientoDoctor.csproj", "{14034D04-D617-4DEA-B37A-1044BE49B175}"
EndProject
Project("{9A19103F-16F7-4668-BE54-9A1E7A4F7556}") = "Database", "Database\Database.csproj", "{D11BBCEE-B5E8-4DE7-98DB-27691E85369E}"
EndProject
Project("{9A19103F-16F7-4668-BE54-9A1E7A4F7556}") = "Email", "Email\Email.csproj", "{ABA39C28-7657-4C02-9C07-56F436B115B1}"
EndProject
Project("{9A19103F-16F7-4668-BE54-9A1E7A4F7556}") = "ViewModels", "ViewModels\ViewModels.csproj", "{83206B24-9518-48FB-AB51-F1A3A16AE6C4}"
EndProject
Project("{9A19103F-16F7-4668-BE54-9A1E7A4F7556}") = "Repository", "Repository\Repository.csproj", "{9C10894F-5F4A-409D-94E4-3B3785481232}"
EndProject
Project("{FAE04EC0-301F-11D3-BF4B-00C04F79EFBC}") = "API", "API\API.csproj", "{D9FEB620-9CBF-4782-A3A2-917BDD3A2F86}"
EndProject
Project("{FAE04EC0-301F-11D3-BF4B-00C04F79EFBC}") = "DTO", "DTO\DTO.csproj", "{AA9C94A2-AD77-47F6-9364-7C53393711EB}"
EndProject
Global
	GlobalSection(SolutionConfigurationPlatforms) = preSolution
		Debug|Any CPU = Debug|Any CPU
		Release|Any CPU = Release|Any CPU
	EndGlobalSection
	GlobalSection(ProjectConfigurationPlatforms) = postSolution
		{14034D04-D617-4DEA-B37A-1044BE49B175}.Debug|Any CPU.ActiveCfg = Debug|Any CPU
		{14034D04-D617-4DEA-B37A-1044BE49B175}.Debug|Any CPU.Build.0 = Debug|Any CPU
		{14034D04-D617-4DEA-B37A-1044BE49B175}.Release|Any CPU.ActiveCfg = Release|Any CPU
		{14034D04-D617-4DEA-B37A-1044BE49B175}.Release|Any CPU.Build.0 = Release|Any CPU
		{D11BBCEE-B5E8-4DE7-98DB-27691E85369E}.Debug|Any CPU.ActiveCfg = Debug|Any CPU
		{D11BBCEE-B5E8-4DE7-98DB-27691E85369E}.Debug|Any CPU.Build.0 = Debug|Any CPU
		{D11BBCEE-B5E8-4DE7-98DB-27691E85369E}.Release|Any CPU.ActiveCfg = Release|Any CPU
		{D11BBCEE-B5E8-4DE7-98DB-27691E85369E}.Release|Any CPU.Build.0 = Release|Any CPU
		{ABA39C28-7657-4C02-9C07-56F436B115B1}.Debug|Any CPU.ActiveCfg = Debug|Any CPU
		{ABA39C28-7657-4C02-9C07-56F436B115B1}.Debug|Any CPU.Build.0 = Debug|Any CPU
		{ABA39C28-7657-4C02-9C07-56F436B115B1}.Release|Any CPU.ActiveCfg = Release|Any CPU
		{ABA39C28-7657-4C02-9C07-56F436B115B1}.Release|Any CPU.Build.0 = Release|Any CPU
		{83206B24-9518-48FB-AB51-F1A3A16AE6C4}.Debug|Any CPU.ActiveCfg = Debug|Any CPU
		{83206B24-9518-48FB-AB51-F1A3A16AE6C4}.Debug|Any CPU.Build.0 = Debug|Any CPU
		{83206B24-9518-48FB-AB51-F1A3A16AE6C4}.Release|Any CPU.ActiveCfg = Release|Any CPU
		{83206B24-9518-48FB-AB51-F1A3A16AE6C4}.Release|Any CPU.Build.0 = Release|Any CPU
		{9C10894F-5F4A-409D-94E4-3B3785481232}.Debug|Any CPU.ActiveCfg = Debug|Any CPU
		{9C10894F-5F4A-409D-94E4-3B3785481232}.Debug|Any CPU.Build.0 = Debug|Any CPU
		{9C10894F-5F4A-409D-94E4-3B3785481232}.Release|Any CPU.ActiveCfg = Release|Any CPU
		{9C10894F-5F4A-409D-94E4-3B3785481232}.Release|Any CPU.Build.0 = Release|Any CPU
		{D9FEB620-9CBF-4782-A3A2-917BDD3A2F86}.Debug|Any CPU.ActiveCfg = Debug|Any CPU
		{D9FEB620-9CBF-4782-A3A2-917BDD3A2F86}.Debug|Any CPU.Build.0 = Debug|Any CPU
		{D9FEB620-9CBF-4782-A3A2-917BDD3A2F86}.Release|Any CPU.ActiveCfg = Release|Any CPU
		{D9FEB620-9CBF-4782-A3A2-917BDD3A2F86}.Release|Any CPU.Build.0 = Release|Any CPU
		{AA9C94A2-AD77-47F6-9364-7C53393711EB}.Debug|Any CPU.ActiveCfg = Debug|Any CPU
		{AA9C94A2-AD77-47F6-9364-7C53393711EB}.Debug|Any CPU.Build.0 = Debug|Any CPU
		{AA9C94A2-AD77-47F6-9364-7C53393711EB}.Release|Any CPU.ActiveCfg = Release|Any CPU
		{AA9C94A2-AD77-47F6-9364-7C53393711EB}.Release|Any CPU.Build.0 = Release|Any CPU
	EndGlobalSection
	GlobalSection(SolutionProperties) = preSolution
		HideSolutionNode = FALSE
	EndGlobalSection
	GlobalSection(ExtensibilityGlobals) = postSolution
		SolutionGuid = {AC487E77-0C0B-4AC3-8033-A9E4D4E9D65E}
	EndGlobalSection
EndGlobal
